
Microsoft Visual Studio Solution File, Format Version 12.00
# Visual Studio Version 17
VisualStudioVersion = 17.5.002.0
MinimumVisualStudioVersion = 10.0.40219.1
Project("{9A19103F-16F7-4668-BE54-9A1E7A4F7556}") = "CriandoMetricasApp", "CriandoMetricasApp\CriandoMetricasApp.csproj", "{C2CBB5BE-8A88-4A5B-9F79-5448732BDB92}"
EndProject
Global
	GlobalSection(SolutionConfigurationPlatforms) = preSolution
		Debug|Any CPU = Debug|Any CPU
		Release|Any CPU = Release|Any CPU
	EndGlobalSection
	GlobalSection(ProjectConfigurationPlatforms) = postSolution
		{C2CBB5BE-8A88-4A5B-9F79-5448732BDB92}.Debug|Any CPU.ActiveCfg = Debug|Any CPU
		{C2CBB5BE-8A88-4A5B-9F79-5448732BDB92}.Debug|Any CPU.Build.0 = Debug|Any CPU
		{C2CBB5BE-8A88-4A5B-9F79-5448732BDB92}.Release|Any CPU.ActiveCfg = Release|Any CPU
		{C2CBB5BE-8A88-4A5B-9F79-5448732BDB92}.Release|Any CPU.Build.0 = Release|Any CPU
	EndGlobalSection
	GlobalSection(SolutionProperties) = preSolution
		HideSolutionNode = FALSE
	EndGlobalSection
	GlobalSection(ExtensibilityGlobals) = postSolution
		SolutionGuid = {09D18998-017B-43C3-AADB-55D85C820E91}
	EndGlobalSection
EndGlobal
